// !$*UTF8*$!
{
	archiveVersion = 1;
	classes = {
	};
	objectVersion = 50;
	objects = {

/* Begin PBXBuildFile section */
		251609472948DCCC005333D2 /* AddViewController.swift in Sources */ = {isa = PBXBuildFile; fileRef = 251609462948DCCC005333D2 /* AddViewController.swift */; };
		252F09942943869D008EB18C /* TachesViewController.swift in Sources */ = {isa = PBXBuildFile; fileRef = 252F09932943869D008EB18C /* TachesViewController.swift */; };
		2537024B291BAC7A007C9D33 /* AppDelegate.swift in Sources */ = {isa = PBXBuildFile; fileRef = 2537024A291BAC7A007C9D33 /* AppDelegate.swift */; };
		2537024D291BAC7A007C9D33 /* SceneDelegate.swift in Sources */ = {isa = PBXBuildFile; fileRef = 2537024C291BAC7A007C9D33 /* SceneDelegate.swift */; };
		2537024F291BAC7A007C9D33 /* ViewController.swift in Sources */ = {isa = PBXBuildFile; fileRef = 2537024E291BAC7A007C9D33 /* ViewController.swift */; };
		25370252291BAC7A007C9D33 /* Main.storyboard in Resources */ = {isa = PBXBuildFile; fileRef = 25370250291BAC7A007C9D33 /* Main.storyboard */; };
		25370254291BAC80007C9D33 /* Assets.xcassets in Resources */ = {isa = PBXBuildFile; fileRef = 25370253291BAC80007C9D33 /* Assets.xcassets */; };
		25370257291BAC80007C9D33 /* LaunchScreen.storyboard in Resources */ = {isa = PBXBuildFile; fileRef = 25370255291BAC80007C9D33 /* LaunchScreen.storyboard */; };
		25370260291BBCBD007C9D33 /* toDoTableViewCell.swift in Sources */ = {isa = PBXBuildFile; fileRef = 2537025F291BBCBD007C9D33 /* toDoTableViewCell.swift */; };
		253F9880292E02A800648E9B /* model.swift in Sources */ = {isa = PBXBuildFile; fileRef = 253F987F292E02A800648E9B /* model.swift */; };
/* End PBXBuildFile section */

/* Begin PBXFileReference section */
		251609462948DCCC005333D2 /* AddViewController.swift */ = {isa = PBXFileReference; lastKnownFileType = sourcecode.swift; path = AddViewController.swift; sourceTree = "<group>"; };
		252F09932943869D008EB18C /* TachesViewController.swift */ = {isa = PBXFileReference; lastKnownFileType = sourcecode.swift; path = TachesViewController.swift; sourceTree = "<group>"; };
		25370247291BAC7A007C9D33 /* TpToDoList.app */ = {isa = PBXFileReference; explicitFileType = wrapper.application; includeInIndex = 0; path = TpToDoList.app; sourceTree = BUILT_PRODUCTS_DIR; };
		2537024A291BAC7A007C9D33 /* AppDelegate.swift */ = {isa = PBXFileReference; lastKnownFileType = sourcecode.swift; path = AppDelegate.swift; sourceTree = "<group>"; };
		2537024C291BAC7A007C9D33 /* SceneDelegate.swift */ = {isa = PBXFileReference; lastKnownFileType = sourcecode.swift; path = SceneDelegate.swift; sourceTree = "<group>"; };
		2537024E291BAC7A007C9D33 /* ViewController.swift */ = {isa = PBXFileReference; lastKnownFileType = sourcecode.swift; path = ViewController.swift; sourceTree = "<group>"; };
		25370251291BAC7A007C9D33 /* Base */ = {isa = PBXFileReference; lastKnownFileType = file.storyboard; name = Base; path = Base.lproj/Main.storyboard; sourceTree = "<group>"; };
		25370253291BAC80007C9D33 /* Assets.xcassets */ = {isa = PBXFileReference; lastKnownFileType = folder.assetcatalog; path = Assets.xcassets; sourceTree = "<group>"; };
		25370256291BAC80007C9D33 /* Base */ = {isa = PBXFileReference; lastKnownFileType = file.storyboard; name = Base; path = Base.lproj/LaunchScreen.storyboard; sourceTree = "<group>"; };
		25370258291BAC80007C9D33 /* Info.plist */ = {isa = PBXFileReference; lastKnownFileType = text.plist.xml; path = Info.plist; sourceTree = "<group>"; };
		2537025F291BBCBD007C9D33 /* toDoTableViewCell.swift */ = {isa = PBXFileReference; lastKnownFileType = sourcecode.swift; path = toDoTableViewCell.swift; sourceTree = "<group>"; };
		253F987F292E02A800648E9B /* model.swift */ = {isa = PBXFileReference; lastKnownFileType = sourcecode.swift; path = model.swift; sourceTree = "<group>"; };
/* End PBXFileReference section */

/* Begin PBXFrameworksBuildPhase section */
		25370244291BAC7A007C9D33 /* Frameworks */ = {
			isa = PBXFrameworksBuildPhase;
			buildActionMask = 2147483647;
			files = (
			);
			runOnlyForDeploymentPostprocessing = 0;
		};
/* End PBXFrameworksBuildPhase section */

/* Begin PBXGroup section */
		2537023E291BAC7A007C9D33 = {
			isa = PBXGroup;
			children = (
				25370249291BAC7A007C9D33 /* TpToDoList */,
				25370248291BAC7A007C9D33 /* Products */,
			);
			sourceTree = "<group>";
		};
		25370248291BAC7A007C9D33 /* Products */ = {
			isa = PBXGroup;
			children = (
				25370247291BAC7A007C9D33 /* TpToDoList.app */,
			);
			name = Products;
			sourceTree = "<group>";
		};
		25370249291BAC7A007C9D33 /* TpToDoList */ = {
			isa = PBXGroup;
			children = (
				2537024A291BAC7A007C9D33 /* AppDelegate.swift */,
				2537024C291BAC7A007C9D33 /* SceneDelegate.swift */,
				2537024E291BAC7A007C9D33 /* ViewController.swift */,
				252F09932943869D008EB18C /* TachesViewController.swift */,
				25370250291BAC7A007C9D33 /* Main.storyboard */,
				251609462948DCCC005333D2 /* AddViewController.swift */,
				2537025F291BBCBD007C9D33 /* toDoTableViewCell.swift */,
				25370253291BAC80007C9D33 /* Assets.xcassets */,
				25370255291BAC80007C9D33 /* LaunchScreen.storyboard */,
				25370258291BAC80007C9D33 /* Info.plist */,
				253F987F292E02A800648E9B /* model.swift */,
			);
			path = TpToDoList;
			sourceTree = "<group>";
		};
/* End PBXGroup section */

/* Begin PBXNativeTarget section */
		25370246291BAC7A007C9D33 /* TpToDoList */ = {
			isa = PBXNativeTarget;
			buildConfigurationList = 2537025B291BAC80007C9D33 /* Build configuration list for PBXNativeTarget "TpToDoList" */;
			buildPhases = (
				25370243291BAC7A007C9D33 /* Sources */,
				25370244291BAC7A007C9D33 /* Frameworks */,
				25370245291BAC7A007C9D33 /* Resources */,
			);
			buildRules = (
			);
			dependencies = (
			);
			name = TpToDoList;
			productName = TpToDoList;
			productReference = 25370247291BAC7A007C9D33 /* TpToDoList.app */;
			productType = "com.apple.product-type.application";
		};
/* End PBXNativeTarget section */

/* Begin PBXProject section */
		2537023F291BAC7A007C9D33 /* Project object */ = {
			isa = PBXProject;
			attributes = {
				LastSwiftUpdateCheck = 1220;
				LastUpgradeCheck = 1220;
				TargetAttributes = {
					25370246291BAC7A007C9D33 = {
						CreatedOnToolsVersion = 12.2;
					};
				};
			};
			buildConfigurationList = 25370242291BAC7A007C9D33 /* Build configuration list for PBXProject "TpToDoList" */;
			compatibilityVersion = "Xcode 9.3";
			developmentRegion = en;
			hasScannedForEncodings = 0;
			knownRegions = (
				en,
				Base,
			);
			mainGroup = 2537023E291BAC7A007C9D33;
			productRefGroup = 25370248291BAC7A007C9D33 /* Products */;
			projectDirPath = "";
			projectRoot = "";
			targets = (
				25370246291BAC7A007C9D33 /* TpToDoList */,
			);
		};
/* End PBXProject section */

/* Begin PBXResourcesBuildPhase section */
		25370245291BAC7A007C9D33 /* Resources */ = {
			isa = PBXResourcesBuildPhase;
			buildActionMask = 2147483647;
			files = (
				25370257291BAC80007C9D33 /* LaunchScreen.storyboard in Resources */,
				25370254291BAC80007C9D33 /* Assets.xcassets in Resources */,
				25370252291BAC7A007C9D33 /* Main.storyboard in Resources */,
			);
			runOnlyForDeploymentPostprocessing = 0;
		};
/* End PBXResourcesBuildPhase section */

/* Begin PBXSourcesBuildPhase section */
		25370243291BAC7A007C9D33 /* Sources */ = {
			isa = PBXSourcesBuildPhase;
			buildActionMask = 2147483647;
			files = (
				252F09942943869D008EB18C /* TachesViewController.swift in Sources */,
				253F9880292E02A800648E9B /* model.swift in Sources */,
				251609472948DCCC005333D2 /* AddViewController.swift in Sources */,
				2537024F291BAC7A007C9D33 /* ViewController.swift in Sources */,
				2537024B291BAC7A007C9D33 /* AppDelegate.swift in Sources */,
				2537024D291BAC7A007C9D33 /* SceneDelegate.swift in Sources */,
				25370260291BBCBD007C9D33 /* toDoTableViewCell.swift in Sources */,
			);
			runOnlyForDeploymentPostprocessing = 0;
		};
/* End PBXSourcesBuildPhase section */

/* Begin PBXVariantGroup section */
		25370250291BAC7A007C9D33 /* Main.storyboard */ = {
			isa = PBXVariantGroup;
			children = (
				25370251291BAC7A007C9D33 /* Base */,
			);
			name = Main.storyboard;
			sourceTree = "<group>";
		};
		25370255291BAC80007C9D33 /* LaunchScreen.storyboard */ = {
			isa = PBXVariantGroup;
			children = (
				25370256291BAC80007C9D33 /* Base */,
			);
			name = LaunchScreen.storyboard;
			sourceTree = "<group>";
		};
/* End PBXVariantGroup section */

/* Begin XCBuildConfiguration section */
		25370259291BAC80007C9D33 /* Debug */ = {
			isa = XCBuildConfiguration;
			buildSettings = {
				ALWAYS_SEARCH_USER_PATHS = NO;
				CLANG_ANALYZER_NONNULL = YES;
				CLANG_ANALYZER_NUMBER_OBJECT_CONVERSION = YES_AGGRESSIVE;
				CLANG_CXX_LANGUAGE_STANDARD = "gnu++14";
				CLANG_CXX_LIBRARY = "libc++";
				CLANG_ENABLE_MODULES = YES;
				CLANG_ENABLE_OBJC_ARC = YES;
				CLANG_ENABLE_OBJC_WEAK = YES;
				CLANG_WARN_BLOCK_CAPTURE_AUTORELEASING = YES;
				CLANG_WARN_BOOL_CONVERSION = YES;
				CLANG_WARN_COMMA = YES;
				CLANG_WARN_CONSTANT_CONVERSION = YES;
				CLANG_WARN_DEPRECATED_OBJC_IMPLEMENTATIONS = YES;
				CLANG_WARN_DIRECT_OBJC_ISA_USAGE = YES_ERROR;
				CLANG_WARN_DOCUMENTATION_COMMENTS = YES;
				CLANG_WARN_EMPTY_BODY = YES;
				CLANG_WARN_ENUM_CONVERSION = YES;
				CLANG_WARN_INFINITE_RECURSION = YES;
				CLANG_WARN_INT_CONVERSION = YES;
				CLANG_WARN_NON_LITERAL_NULL_CONVERSION = YES;
				CLANG_WARN_OBJC_IMPLICIT_RETAIN_SELF = YES;
				CLANG_WARN_OBJC_LITERAL_CONVERSION = YES;
				CLANG_WARN_OBJC_ROOT_CLASS = YES_ERROR;
				CLANG_WARN_QUOTED_INCLUDE_IN_FRAMEWORK_HEADER = YES;
				CLANG_WARN_RANGE_LOOP_ANALYSIS = YES;
				CLANG_WARN_STRICT_PROTOTYPES = YES;
				CLANG_WARN_SUSPICIOUS_MOVE = YES;
				CLANG_WARN_UNGUARDED_AVAILABILITY = YES_AGGRESSIVE;
				CLANG_WARN_UNREACHABLE_CODE = YES;
				CLANG_WARN__DUPLICATE_METHOD_MATCH = YES;
				COPY_PHASE_STRIP = NO;
				DEBUG_INFORMATION_FORMAT = dwarf;
				ENABLE_STRICT_OBJC_MSGSEND = YES;
				ENABLE_TESTABILITY = YES;
				GCC_C_LANGUAGE_STANDARD = gnu11;
				GCC_DYNAMIC_NO_PIC = NO;
				GCC_NO_COMMON_BLOCKS = YES;
				GCC_OPTIMIZATION_LEVEL = 0;
				GCC_PREPROCESSOR_DEFINITIONS = (
					"DEBUG=1",
					"$(inherited)",
				);
				GCC_WARN_64_TO_32_BIT_CONVERSION = YES;
				GCC_WARN_ABOUT_RETURN_TYPE = YES_ERROR;
				GCC_WARN_UNDECLARED_SELECTOR = YES;
				GCC_WARN_UNINITIALIZED_AUTOS = YES_AGGRESSIVE;
				GCC_WARN_UNUSED_FUNCTION = YES;
				GCC_WARN_UNUSED_VARIABLE = YES;
				IPHONEOS_DEPLOYMENT_TARGET = 14.2;
				MTL_ENABLE_DEBUG_INFO = INCLUDE_SOURCE;
				MTL_FAST_MATH = YES;
				ONLY_ACTIVE_ARCH = YES;
				SDKROOT = iphoneos;
				SWIFT_ACTIVE_COMPILATION_CONDITIONS = DEBUG;
				SWIFT_OPTIMIZATION_LEVEL = "-Onone";
			};
			name = Debug;
		};
		2537025A291BAC80007C9D33 /* Release */ = {
			isa = XCBuildConfiguration;
			buildSettings = {
				ALWAYS_SEARCH_USER_PATHS = NO;
				CLANG_ANALYZER_NONNULL = YES;
				CLANG_ANALYZER_NUMBER_OBJECT_CONVERSION = YES_AGGRESSIVE;
				CLANG_CXX_LANGUAGE_STANDARD = "gnu++14";
				CLANG_CXX_LIBRARY = "libc++";
				CLANG_ENABLE_MODULES = YES;
				CLANG_ENABLE_OBJC_ARC = YES;
				CLANG_ENABLE_OBJC_WEAK = YES;
				CLANG_WARN_BLOCK_CAPTURE_AUTORELEASING = YES;
				CLANG_WARN_BOOL_CONVERSION = YES;
				CLANG_WARN_COMMA = YES;
				CLANG_WARN_CONSTANT_CONVERSION = YES;
				CLANG_WARN_DEPRECATED_OBJC_IMPLEMENTATIONS = YES;
				CLANG_WARN_DIRECT_OBJC_ISA_USAGE = YES_ERROR;
				CLANG_WARN_DOCUMENTATION_COMMENTS = YES;
				CLANG_WARN_EMPTY_BODY = YES;
				CLANG_WARN_ENUM_CONVERSION = YES;
				CLANG_WARN_INFINITE_RECURSION = YES;
				CLANG_WARN_INT_CONVERSION = YES;
				CLANG_WARN_NON_LITERAL_NULL_CONVERSION = YES;
				CLANG_WARN_OBJC_IMPLICIT_RETAIN_SELF = YES;
				CLANG_WARN_OBJC_LITERAL_CONVERSION = YES;
				CLANG_WARN_OBJC_ROOT_CLASS = YES_ERROR;
				CLANG_WARN_QUOTED_INCLUDE_IN_FRAMEWORK_HEADER = YES;
				CLANG_WARN_RANGE_LOOP_ANALYSIS = YES;
				CLANG_WARN_STRICT_PROTOTYPES = YES;
				CLANG_WARN_SUSPICIOUS_MOVE = YES;
				CLANG_WARN_UNGUARDED_AVAILABILITY = YES_AGGRESSIVE;
				CLANG_WARN_UNREACHABLE_CODE = YES;
				CLANG_WARN__DUPLICATE_METHOD_MATCH = YES;
				COPY_PHASE_STRIP = NO;
				DEBUG_INFORMATION_FORMAT = "dwarf-with-dsym";
				ENABLE_NS_ASSERTIONS = NO;
				ENABLE_STRICT_OBJC_MSGSEND = YES;
				GCC_C_LANGUAGE_STANDARD = gnu11;
				GCC_NO_COMMON_BLOCKS = YES;
				GCC_WARN_64_TO_32_BIT_CONVERSION = YES;
				GCC_WARN_ABOUT_RETURN_TYPE = YES_ERROR;
				GCC_WARN_UNDECLARED_SELECTOR = YES;
				GCC_WARN_UNINITIALIZED_AUTOS = YES_AGGRESSIVE;
				GCC_WARN_UNUSED_FUNCTION = YES;
				GCC_WARN_UNUSED_VARIABLE = YES;
				IPHONEOS_DEPLOYMENT_TARGET = 14.2;
				MTL_ENABLE_DEBUG_INFO = NO;
				MTL_FAST_MATH = YES;
				SDKROOT = iphoneos;
				SWIFT_COMPILATION_MODE = wholemodule;
				SWIFT_OPTIMIZATION_LEVEL = "-O";
				VALIDATE_PRODUCT = YES;
			};
			name = Release;
		};
		2537025C291BAC80007C9D33 /* Debug */ = {
			isa = XCBuildConfiguration;
			buildSettings = {
				ASSETCATALOG_COMPILER_APPICON_NAME = AppIcon;
				ASSETCATALOG_COMPILER_GLOBAL_ACCENT_COLOR_NAME = AccentColor;
				CODE_SIGN_STYLE = Automatic;
				INFOPLIST_FILE = TpToDoList/Info.plist;
				LD_RUNPATH_SEARCH_PATHS = (
					"$(inherited)",
					"@executable_path/Frameworks",
				);
				PRODUCT_BUNDLE_IDENTIFIER = ryane.TpToDoList;
				PRODUCT_NAME = "$(TARGET_NAME)";
				SWIFT_VERSION = 5.0;
				TARGETED_DEVICE_FAMILY = "1,2";
			};
			name = Debug;
		};
		2537025D291BAC80007C9D33 /* Release */ = {
			isa = XCBuildConfiguration;
			buildSettings = {
				ASSETCATALOG_COMPILER_APPICON_NAME = AppIcon;
				ASSETCATALOG_COMPILER_GLOBAL_ACCENT_COLOR_NAME = AccentColor;
				CODE_SIGN_STYLE = Automatic;
				INFOPLIST_FILE = TpToDoList/Info.plist;
				LD_RUNPATH_SEARCH_PATHS = (
					"$(inherited)",
					"@executable_path/Frameworks",
				);
				PRODUCT_BUNDLE_IDENTIFIER = ryane.TpToDoList;
				PRODUCT_NAME = "$(TARGET_NAME)";
				SWIFT_VERSION = 5.0;
				TARGETED_DEVICE_FAMILY = "1,2";
			};
			name = Release;
		};
/* End XCBuildConfiguration section */

/* Begin XCConfigurationList section */
		25370242291BAC7A007C9D33 /* Build configuration list for PBXProject "TpToDoList" */ = {
			isa = XCConfigurationList;
			buildConfigurations = (
				25370259291BAC80007C9D33 /* Debug */,
				2537025A291BAC80007C9D33 /* Release */,
			);
			defaultConfigurationIsVisible = 0;
			defaultConfigurationName = Release;
		};
		2537025B291BAC80007C9D33 /* Build configuration list for PBXNativeTarget "TpToDoList" */ = {
			isa = XCConfigurationList;
			buildConfigurations = (
				2537025C291BAC80007C9D33 /* Debug */,
				2537025D291BAC80007C9D33 /* Release */,
			);
			defaultConfigurationIsVisible = 0;
			defaultConfigurationName = Release;
		};
/* End XCConfigurationList section */
	};
	rootObject = 2537023F291BAC7A007C9D33 /* Project object */;
}
